Microsoft Visual Studio Solution File, Format Version 12.00
# Visual Studio Version 16
VisualStudioVersion = 16.0.0.0
MinimumVisualStudioVersion = 16.0.0.0
Project("{9A19103F-16F7-4668-BE54-9A1E7A4F7556}") = "Frontend.Server", "Server\Frontend.Server.csproj", "{598F34AC-D30C-4B9E-823F-DA3AAFBDF966}"
EndProject
Project("{9A19103F-16F7-4668-BE54-9A1E7A4F7556}") = "Frontend.Client", "Client\Frontend.Client.csproj", "{6F8B4ECC-9F16-41B9-BF6A-07BC588E9DD5}"
EndProject
Project("{9A19103F-16F7-4668-BE54-9A1E7A4F7556}") = "Frontend.Shared", "Shared\Frontend.Shared.csproj", "{6F7AF920-6885-4229-836B-443A3E2D101D}"
EndProject
Global
	GlobalSection(SolutionConfigurationPlatforms) = preSolution
		Debug|Any CPU = Debug|Any CPU
		Debug|x64 = Debug|x64
		Debug|x86 = Debug|x86
		Release|Any CPU = Release|Any CPU
		Release|x64 = Release|x64
		Release|x86 = Release|x86
	EndGlobalSection
	GlobalSection(ProjectConfigurationPlatforms) = postSolution
		{6F8B4ECC-9F16-41B9-BF6A-07BC588E9DD5}.Debug|Any CPU.ActiveCfg = Debug|Any CPU
		{6F8B4ECC-9F16-41B9-BF6A-07BC588E9DD5}.Debug|Any CPU.Build.0 = Debug|Any CPU
		{6F8B4ECC-9F16-41B9-BF6A-07BC588E9DD5}.Debug|x64.ActiveCfg = Debug|Any CPU
		{6F8B4ECC-9F16-41B9-BF6A-07BC588E9DD5}.Debug|x64.Build.0 = Debug|Any CPU
		{6F8B4ECC-9F16-41B9-BF6A-07BC588E9DD5}.Debug|x86.ActiveCfg = Debug|Any CPU
		{6F8B4ECC-9F16-41B9-BF6A-07BC588E9DD5}.Debug|x86.Build.0 = Debug|Any CPU
		{6F8B4ECC-9F16-41B9-BF6A-07BC588E9DD5}.Release|Any CPU.ActiveCfg = Release|Any CPU
		{6F8B4ECC-9F16-41B9-BF6A-07BC588E9DD5}.Release|Any CPU.Build.0 = Release|Any CPU
		{6F8B4ECC-9F16-41B9-BF6A-07BC588E9DD5}.Release|x64.ActiveCfg = Release|Any CPU
		{6F8B4ECC-9F16-41B9-BF6A-07BC588E9DD5}.Release|x64.Build.0 = Release|Any CPU
		{6F8B4ECC-9F16-41B9-BF6A-07BC588E9DD5}.Release|x86.ActiveCfg = Release|Any CPU
		{6F8B4ECC-9F16-41B9-BF6A-07BC588E9DD5}.Release|x86.Build.0 = Release|Any CPU
		{598F34AC-D30C-4B9E-823F-DA3AAFBDF966}.Debug|Any CPU.ActiveCfg = Debug|Any CPU
		{598F34AC-D30C-4B9E-823F-DA3AAFBDF966}.Debug|Any CPU.Build.0 = Debug|Any CPU
		{598F34AC-D30C-4B9E-823F-DA3AAFBDF966}.Debug|x64.ActiveCfg = Debug|Any CPU
		{598F34AC-D30C-4B9E-823F-DA3AAFBDF966}.Debug|x64.Build.0 = Debug|Any CPU
		{598F34AC-D30C-4B9E-823F-DA3AAFBDF966}.Debug|x86.ActiveCfg = Debug|Any CPU
		{598F34AC-D30C-4B9E-823F-DA3AAFBDF966}.Debug|x86.Build.0 = Debug|Any CPU
		{598F34AC-D30C-4B9E-823F-DA3AAFBDF966}.Release|Any CPU.ActiveCfg = Release|Any CPU
		{598F34AC-D30C-4B9E-823F-DA3AAFBDF966}.Release|Any CPU.Build.0 = Release|Any CPU
		{598F34AC-D30C-4B9E-823F-DA3AAFBDF966}.Release|x64.ActiveCfg = Release|Any CPU
		{598F34AC-D30C-4B9E-823F-DA3AAFBDF966}.Release|x64.Build.0 = Release|Any CPU
		{598F34AC-D30C-4B9E-823F-DA3AAFBDF966}.Release|x86.ActiveCfg = Release|Any CPU
		{598F34AC-D30C-4B9E-823F-DA3AAFBDF966}.Release|x86.Build.0 = Release|Any CPU
		{6F7AF920-6885-4229-836B-443A3E2D101D}.Debug|Any CPU.ActiveCfg = Debug|Any CPU
		{6F7AF920-6885-4229-836B-443A3E2D101D}.Debug|Any CPU.Build.0 = Debug|Any CPU
		{6F7AF920-6885-4229-836B-443A3E2D101D}.Debug|x64.ActiveCfg = Debug|Any CPU
		{6F7AF920-6885-4229-836B-443A3E2D101D}.Debug|x64.Build.0 = Debug|Any CPU
		{6F7AF920-6885-4229-836B-443A3E2D101D}.Debug|x86.ActiveCfg = Debug|Any CPU
		{6F7AF920-6885-4229-836B-443A3E2D101D}.Debug|x86.Build.0 = Debug|Any CPU
		{6F7AF920-6885-4229-836B-443A3E2D101D}.Release|Any CPU.ActiveCfg = Release|Any CPU
		{6F7AF920-6885-4229-836B-443A3E2D101D}.Release|Any CPU.Build.0 = Release|Any CPU
		{6F7AF920-6885-4229-836B-443A3E2D101D}.Release|x64.ActiveCfg = Release|Any CPU
		{6F7AF920-6885-4229-836B-443A3E2D101D}.Release|x64.Build.0 = Release|Any CPU
		{6F7AF920-6885-4229-836B-443A3E2D101D}.Release|x86.ActiveCfg = Release|Any CPU
		{6F7AF920-6885-4229-836B-443A3E2D101D}.Release|x86.Build.0 = Release|Any CPU
	EndGlobalSection
	GlobalSection(SolutionProperties) = preSolution
		HideSolutionNode = FALSE
	EndGlobalSection
	GlobalSection(ExtensibilityGlobals) = postSolution
		SolutionGuid = {B8E784A8-2547-45F4-9A4B-94F70E889B56}
	EndGlobalSection
EndGlobal