
Microsoft Visual Studio Solution File, Format Version 12.00
# Visual Studio Version 16
VisualStudioVersion = 16.0.30114.105
MinimumVisualStudioVersion = 10.0.40219.1
Project("{FAE04EC0-301F-11D3-BF4B-00C04F79EFBC}") = "Carts", "Carts\Carts\Carts.csproj", "{9188F480-A09C-46BD-877C-78679FC70047}"
EndProject
Project("{FAE04EC0-301F-11D3-BF4B-00C04F79EFBC}") = "Frontend.Server", "Frontend\Server\Frontend.Server.csproj", "{B5C1D283-CB61-4F4F-8D56-9409DF1BFAE5}"
EndProject
Project("{FAE04EC0-301F-11D3-BF4B-00C04F79EFBC}") = "Catalog", "Catalog\Catalog\Catalog.csproj", "{E72E0EB6-C5D8-4856-B82B-B258FDFB25B7}"
EndProject
Project("{FAE04EC0-301F-11D3-BF4B-00C04F79EFBC}") = "Carts.Contracts", "Carts\Carts.Contracts\Carts.Contracts.csproj", "{EE3B9366-A8AD-4448-A09E-F689C2A16C3A}"
EndProject
Project("{FAE04EC0-301F-11D3-BF4B-00C04F79EFBC}") = "Catalog.Contracts", "Catalog\Catalog.Contracts\Catalog.Contracts.csproj", "{92D1C064-ACE2-447D-A974-C085EAEA7C2E}"
EndProject
Project("{FAE04EC0-301F-11D3-BF4B-00C04F79EFBC}") = "Frontend.Client", "Frontend\Client\Frontend.Client.csproj", "{D8A99637-93DB-4915-AEDF-BABF87B9319B}"
EndProject
Project("{FAE04EC0-301F-11D3-BF4B-00C04F79EFBC}") = "Frontend.Contracts", "Frontend\Frontend.Contracts\Frontend.Contracts.csproj", "{0CF572DC-16C7-4261-B43D-7ADFB44AA69D}"
EndProject
Project("{2150E333-8FDC-42A3-9474-1A3956D46DE8}") = "Carts", "Carts", "{2FBE388B-E346-4CF3-A013-62C95A37F611}"
EndProject
Project("{2150E333-8FDC-42A3-9474-1A3956D46DE8}") = "Catalog", "Catalog", "{E8570FF5-5D05-4F89-9435-E51629FCFC72}"
EndProject
Project("{2150E333-8FDC-42A3-9474-1A3956D46DE8}") = "Frontend", "Frontend", "{93E0E88C-145C-476C-9217-B76050E4C3C4}"
EndProject
Project("{2150E333-8FDC-42A3-9474-1A3956D46DE8}") = "Billing", "Billing", "{799336F2-AF04-4787-8B39-0CF7AF18B163}"
EndProject
Project("{FAE04EC0-301F-11D3-BF4B-00C04F79EFBC}") = "Billing", "Billing\Billing\Billing.csproj", "{D8B12E78-F148-4655-9BBC-EB6717124462}"
EndProject
Project("{FAE04EC0-301F-11D3-BF4B-00C04F79EFBC}") = "Billing.Contracts", "Billing\Billing.Contracts\Billing.Contracts.csproj", "{D49E20AC-2DBA-4EDA-B9C1-D24E1E9C3DBD}"
EndProject
Project("{2150E333-8FDC-42A3-9474-1A3956D46DE8}") = "Solution Items", "Solution Items", "{2B0AD577-E56F-483F-908D-BE0220A6CFA4}"
	ProjectSection(SolutionItems) = preProject
		tye.yaml = tye.yaml
		README.md = README.md
	EndProjectSection
EndProject
Project("{FAE04EC0-301F-11D3-BF4B-00C04F79EFBC}") = "Billing.Client", "Billing\Billing.Client\Billing.Client.csproj", "{F3DBCB40-3F8E-46B4-B20A-B3419387B431}"
EndProject
Project("{FAE04EC0-301F-11D3-BF4B-00C04F79EFBC}") = "Carts.Client", "Carts\Carts.Client\Carts.Client.csproj", "{C1B43E0B-8589-4650-8863-1CBE9912BCD8}"
EndProject
Project("{FAE04EC0-301F-11D3-BF4B-00C04F79EFBC}") = "Catalog.Client", "Catalog\Catalog.Client\Catalog.Client.csproj", "{DFEFA976-280A-40F0-8E85-48FFFC3BEEE9}"
EndProject
Project("{2150E333-8FDC-42A3-9474-1A3956D46DE8}") = "Checkout", "Checkout", "{8DD55DD6-BC23-4911-928A-16B44126B69F}"
EndProject
Project("{FAE04EC0-301F-11D3-BF4B-00C04F79EFBC}") = "Checkout", "Checkout\Checkout\Checkout.csproj", "{5A0CC1B2-30E4-4DD5-8D80-6E05CA3DD9B6}"
EndProject
Project("{FAE04EC0-301F-11D3-BF4B-00C04F79EFBC}") = "Checkout.Client", "Checkout\Checkout.Client\Checkout.Client.csproj", "{7D483FB3-E0A5-4DD9-ACE2-478FB2848198}"
EndProject
Project("{FAE04EC0-301F-11D3-BF4B-00C04F79EFBC}") = "Checkout.Contracts", "Checkout\Checkout.Contracts\Checkout.Contracts.csproj", "{B78B47C1-FE56-4852-B635-B084194A93AB}"
EndProject
Project("{2150E333-8FDC-42A3-9474-1A3956D46DE8}") = "Customers", "Customers", "{6C76DE20-9337-4635-BBBD-0CB894827A95}"
EndProject
Project("{FAE04EC0-301F-11D3-BF4B-00C04F79EFBC}") = "Customers", "Customers\Customers\Customers.csproj", "{765B1EF8-3725-408C-B395-52D5BB3A7155}"
EndProject
Project("{FAE04EC0-301F-11D3-BF4B-00C04F79EFBC}") = "Customers.Client", "Customers\Customers.Client\Customers.Client.csproj", "{0BE93D7F-7385-4694-B787-2E66ABE7A5B4}"
EndProject
Project("{FAE04EC0-301F-11D3-BF4B-00C04F79EFBC}") = "Customers.Contracts", "Customers\Customers.Contracts\Customers.Contracts.csproj", "{79419166-B73A-4A43-9C92-12016834072F}"
EndProject
Project("{2150E333-8FDC-42A3-9474-1A3956D46DE8}") = "Marketing", "Marketing", "{BDD9755A-7FBA-4530-A4FF-FCF524D2C492}"
EndProject
Project("{FAE04EC0-301F-11D3-BF4B-00C04F79EFBC}") = "Marketing", "Marketing\Marketing\Marketing.csproj", "{C3B6AE1C-5BFE-4F6C-9D1B-14A83B03A3E7}"
EndProject
Project("{FAE04EC0-301F-11D3-BF4B-00C04F79EFBC}") = "Marketing.Client", "Marketing\Marketing.Client\Marketing.Client.csproj", "{89DE1B90-197D-469E-B2B0-BB5C66D74914}"
EndProject
Project("{FAE04EC0-301F-11D3-BF4B-00C04F79EFBC}") = "Marketing.Contracts", "Marketing\Marketing.Contracts\Marketing.Contracts.csproj", "{FC683429-4C50-4B4E-91BC-F8DCD5BE2B66}"
EndProject
Project("{2150E333-8FDC-42A3-9474-1A3956D46DE8}") = "Sales", "Sales", "{29A9AA79-F21C-40C9-B773-CC1C040937C2}"
EndProject
Project("{FAE04EC0-301F-11D3-BF4B-00C04F79EFBC}") = "Sales", "Sales\Sales\Sales.csproj", "{8C1C8827-6E22-4567-A369-21A394F6DA98}"
EndProject
Project("{FAE04EC0-301F-11D3-BF4B-00C04F79EFBC}") = "Sales.Client", "Sales\Sales.Client\Sales.Client.csproj", "{6EFCEF65-3F30-4ED5-93B5-670A5A2D4681}"
EndProject
Project("{FAE04EC0-301F-11D3-BF4B-00C04F79EFBC}") = "Sales.Contracts", "Sales\Sales.Contracts\Sales.Contracts.csproj", "{F3DA3BE6-846E-4460-9234-13C1E53E6CB5}"
EndProject
Project("{2150E333-8FDC-42A3-9474-1A3956D46DE8}") = "UI", "UI", "{F090DED4-BA82-4CB0-9EC7-4B5164EDD289}"
EndProject
Project("{FAE04EC0-301F-11D3-BF4B-00C04F79EFBC}") = "Sales.UI.Client", "Sales\Sales.UI\Client\Sales.UI.Client.csproj", "{2184AD61-7A8D-4D77-828F-6E8C78066F22}"
EndProject
Project("{FAE04EC0-301F-11D3-BF4B-00C04F79EFBC}") = "Sales.UI.Server", "Sales\Sales.UI\Server\Sales.UI.Server.csproj", "{C6E54387-ADBF-4EBE-AF32-4199637CAC35}"
EndProject
Project("{2150E333-8FDC-42A3-9474-1A3956D46DE8}") = "Payments", "Payments", "{306DDBC4-07F2-45D4-8845-9ACB026E2030}"
EndProject
Project("{FAE04EC0-301F-11D3-BF4B-00C04F79EFBC}") = "Payments", "Payments\Payments\Payments.csproj", "{D30A1100-ADF1-4D3E-9DE1-BC85F815C950}"
EndProject
Project("{FAE04EC0-301F-11D3-BF4B-00C04F79EFBC}") = "Payments.Client", "Payments\Payments.Client\Payments.Client.csproj", "{203258EF-4AEF-4DEE-898E-66A928D97BC6}"
EndProject
Project("{FAE04EC0-301F-11D3-BF4B-00C04F79EFBC}") = "Payments.Contracts", "Payments\Payments.Contracts\Payments.Contracts.csproj", "{9D87FFC7-BC17-4440-B712-AC23B0D7A724}"
EndProject
Project("{FAE04EC0-301F-11D3-BF4B-00C04F79EFBC}") = "OrderPriceCalculator", "OrderPriceCalculator\OrderPriceCalculator.csproj", "{1DEBFF81-0B41-450B-AEC7-BC243F045EAF}"
EndProject
Project("{2150E333-8FDC-42A3-9474-1A3956D46DE8}") = "Warehouse", "Warehouse", "{88BFA4E3-B60A-4875-93B1-A8BAB33FCA89}"
EndProject
Project("{FAE04EC0-301F-11D3-BF4B-00C04F79EFBC}") = "Warehouse", "Warehouse\Warehouse\Warehouse.csproj", "{27405B38-728F-4B34-9395-F19134F09EBC}"
EndProject
Project("{FAE04EC0-301F-11D3-BF4B-00C04F79EFBC}") = "Warehouse.Client", "Warehouse\Warehouse.Client\Warehouse.Client.csproj", "{E65F9779-A98A-46D0-8EDA-EE31A389B195}"
EndProject
Project("{FAE04EC0-301F-11D3-BF4B-00C04F79EFBC}") = "Warehouse.Contracts", "Warehouse\Warehouse.Contracts\Warehouse.Contracts.csproj", "{6F324D47-60F2-400A-93CE-E2B28048CF80}"
EndProject
Project("{FAE04EC0-301F-11D3-BF4B-00C04F79EFBC}") = "Utils", "Utils\Utils.csproj", "{6785D82A-D7DA-476C-831A-1991798B3778}"
EndProject
Project("{2150E333-8FDC-42A3-9474-1A3956D46DE8}") = "WebApi", "WebApi", "{4B751A46-1F7B-45C7-A3E6-47E31F5BE812}"
EndProject
Project("{FAE04EC0-301F-11D3-BF4B-00C04F79EFBC}") = "WebApi", "WebApi\WebApi\WebApi.csproj", "{19F4CA0A-A629-4977-91CC-07B508D99FF7}"
EndProject
Project("{FAE04EC0-301F-11D3-BF4B-00C04F79EFBC}") = "WebApi.Client", "WebApi\WebApi.Client\WebApi.Client.csproj", "{D2FC3322-F235-451C-8241-E5961330FBAA}"
EndProject
Global
	GlobalSection(SolutionConfigurationPlatforms) = preSolution
		Debug|Any CPU = Debug|Any CPU
		Debug|x64 = Debug|x64
		Debug|x86 = Debug|x86
		Release|Any CPU = Release|Any CPU
		Release|x64 = Release|x64
		Release|x86 = Release|x86
	EndGlobalSection
	GlobalSection(SolutionProperties) = preSolution
		HideSolutionNode = FALSE
	EndGlobalSection
	GlobalSection(ProjectConfigurationPlatforms) = postSolution
		{9188F480-A09C-46BD-877C-78679FC70047}.Debug|Any CPU.ActiveCfg = Debug|Any CPU
		{9188F480-A09C-46BD-877C-78679FC70047}.Debug|Any CPU.Build.0 = Debug|Any CPU
		{9188F480-A09C-46BD-877C-78679FC70047}.Debug|x64.ActiveCfg = Debug|Any CPU
		{9188F480-A09C-46BD-877C-78679FC70047}.Debug|x64.Build.0 = Debug|Any CPU
		{9188F480-A09C-46BD-877C-78679FC70047}.Debug|x86.ActiveCfg = Debug|Any CPU
		{9188F480-A09C-46BD-877C-78679FC70047}.Debug|x86.Build.0 = Debug|Any CPU
		{9188F480-A09C-46BD-877C-78679FC70047}.Release|Any CPU.ActiveCfg = Release|Any CPU
		{9188F480-A09C-46BD-877C-78679FC70047}.Release|Any CPU.Build.0 = Release|Any CPU
		{9188F480-A09C-46BD-877C-78679FC70047}.Release|x64.ActiveCfg = Release|Any CPU
		{9188F480-A09C-46BD-877C-78679FC70047}.Release|x64.Build.0 = Release|Any CPU
		{9188F480-A09C-46BD-877C-78679FC70047}.Release|x86.ActiveCfg = Release|Any CPU
		{9188F480-A09C-46BD-877C-78679FC70047}.Release|x86.Build.0 = Release|Any CPU
		{B5C1D283-CB61-4F4F-8D56-9409DF1BFAE5}.Debug|Any CPU.ActiveCfg = Debug|Any CPU
		{B5C1D283-CB61-4F4F-8D56-9409DF1BFAE5}.Debug|Any CPU.Build.0 = Debug|Any CPU
		{B5C1D283-CB61-4F4F-8D56-9409DF1BFAE5}.Debug|x64.ActiveCfg = Debug|Any CPU
		{B5C1D283-CB61-4F4F-8D56-9409DF1BFAE5}.Debug|x64.Build.0 = Debug|Any CPU
		{B5C1D283-CB61-4F4F-8D56-9409DF1BFAE5}.Debug|x86.ActiveCfg = Debug|Any CPU
		{B5C1D283-CB61-4F4F-8D56-9409DF1BFAE5}.Debug|x86.Build.0 = Debug|Any CPU
		{B5C1D283-CB61-4F4F-8D56-9409DF1BFAE5}.Release|Any CPU.ActiveCfg = Release|Any CPU
		{B5C1D283-CB61-4F4F-8D56-9409DF1BFAE5}.Release|Any CPU.Build.0 = Release|Any CPU
		{B5C1D283-CB61-4F4F-8D56-9409DF1BFAE5}.Release|x64.ActiveCfg = Release|Any CPU
		{B5C1D283-CB61-4F4F-8D56-9409DF1BFAE5}.Release|x64.Build.0 = Release|Any CPU
		{B5C1D283-CB61-4F4F-8D56-9409DF1BFAE5}.Release|x86.ActiveCfg = Release|Any CPU
		{B5C1D283-CB61-4F4F-8D56-9409DF1BFAE5}.Release|x86.Build.0 = Release|Any CPU
		{E72E0EB6-C5D8-4856-B82B-B258FDFB25B7}.Debug|Any CPU.ActiveCfg = Debug|Any CPU
		{E72E0EB6-C5D8-4856-B82B-B258FDFB25B7}.Debug|Any CPU.Build.0 = Debug|Any CPU
		{E72E0EB6-C5D8-4856-B82B-B258FDFB25B7}.Debug|x64.ActiveCfg = Debug|Any CPU
		{E72E0EB6-C5D8-4856-B82B-B258FDFB25B7}.Debug|x64.Build.0 = Debug|Any CPU
		{E72E0EB6-C5D8-4856-B82B-B258FDFB25B7}.Debug|x86.ActiveCfg = Debug|Any CPU
		{E72E0EB6-C5D8-4856-B82B-B258FDFB25B7}.Debug|x86.Build.0 = Debug|Any CPU
		{E72E0EB6-C5D8-4856-B82B-B258FDFB25B7}.Release|Any CPU.ActiveCfg = Release|Any CPU
		{E72E0EB6-C5D8-4856-B82B-B258FDFB25B7}.Release|Any CPU.Build.0 = Release|Any CPU
		{E72E0EB6-C5D8-4856-B82B-B258FDFB25B7}.Release|x64.ActiveCfg = Release|Any CPU
		{E72E0EB6-C5D8-4856-B82B-B258FDFB25B7}.Release|x64.Build.0 = Release|Any CPU
		{E72E0EB6-C5D8-4856-B82B-B258FDFB25B7}.Release|x86.ActiveCfg = Release|Any CPU
		{E72E0EB6-C5D8-4856-B82B-B258FDFB25B7}.Release|x86.Build.0 = Release|Any CPU
		{EE3B9366-A8AD-4448-A09E-F689C2A16C3A}.Debug|Any CPU.ActiveCfg = Debug|Any CPU
		{EE3B9366-A8AD-4448-A09E-F689C2A16C3A}.Debug|Any CPU.Build.0 = Debug|Any CPU
		{EE3B9366-A8AD-4448-A09E-F689C2A16C3A}.Debug|x64.ActiveCfg = Debug|Any CPU
		{EE3B9366-A8AD-4448-A09E-F689C2A16C3A}.Debug|x64.Build.0 = Debug|Any CPU
		{EE3B9366-A8AD-4448-A09E-F689C2A16C3A}.Debug|x86.ActiveCfg = Debug|Any CPU
		{EE3B9366-A8AD-4448-A09E-F689C2A16C3A}.Debug|x86.Build.0 = Debug|Any CPU
		{EE3B9366-A8AD-4448-A09E-F689C2A16C3A}.Release|Any CPU.ActiveCfg = Release|Any CPU
		{EE3B9366-A8AD-4448-A09E-F689C2A16C3A}.Release|Any CPU.Build.0 = Release|Any CPU
		{EE3B9366-A8AD-4448-A09E-F689C2A16C3A}.Release|x64.ActiveCfg = Release|Any CPU
		{EE3B9366-A8AD-4448-A09E-F689C2A16C3A}.Release|x64.Build.0 = Release|Any CPU
		{EE3B9366-A8AD-4448-A09E-F689C2A16C3A}.Release|x86.ActiveCfg = Release|Any CPU
		{EE3B9366-A8AD-4448-A09E-F689C2A16C3A}.Release|x86.Build.0 = Release|Any CPU
		{92D1C064-ACE2-447D-A974-C085EAEA7C2E}.Debug|Any CPU.ActiveCfg = Debug|Any CPU
		{92D1C064-ACE2-447D-A974-C085EAEA7C2E}.Debug|Any CPU.Build.0 = Debug|Any CPU
		{92D1C064-ACE2-447D-A974-C085EAEA7C2E}.Debug|x64.ActiveCfg = Debug|Any CPU
		{92D1C064-ACE2-447D-A974-C085EAEA7C2E}.Debug|x64.Build.0 = Debug|Any CPU
		{92D1C064-ACE2-447D-A974-C085EAEA7C2E}.Debug|x86.ActiveCfg = Debug|Any CPU
		{92D1C064-ACE2-447D-A974-C085EAEA7C2E}.Debug|x86.Build.0 = Debug|Any CPU
		{92D1C064-ACE2-447D-A974-C085EAEA7C2E}.Release|Any CPU.ActiveCfg = Release|Any CPU
		{92D1C064-ACE2-447D-A974-C085EAEA7C2E}.Release|Any CPU.Build.0 = Release|Any CPU
		{92D1C064-ACE2-447D-A974-C085EAEA7C2E}.Release|x64.ActiveCfg = Release|Any CPU
		{92D1C064-ACE2-447D-A974-C085EAEA7C2E}.Release|x64.Build.0 = Release|Any CPU
		{92D1C064-ACE2-447D-A974-C085EAEA7C2E}.Release|x86.ActiveCfg = Release|Any CPU
		{92D1C064-ACE2-447D-A974-C085EAEA7C2E}.Release|x86.Build.0 = Release|Any CPU
		{D8A99637-93DB-4915-AEDF-BABF87B9319B}.Debug|Any CPU.ActiveCfg = Debug|Any CPU
		{D8A99637-93DB-4915-AEDF-BABF87B9319B}.Debug|Any CPU.Build.0 = Debug|Any CPU
		{D8A99637-93DB-4915-AEDF-BABF87B9319B}.Debug|x64.ActiveCfg = Debug|Any CPU
		{D8A99637-93DB-4915-AEDF-BABF87B9319B}.Debug|x64.Build.0 = Debug|Any CPU
		{D8A99637-93DB-4915-AEDF-BABF87B9319B}.Debug|x86.ActiveCfg = Debug|Any CPU
		{D8A99637-93DB-4915-AEDF-BABF87B9319B}.Debug|x86.Build.0 = Debug|Any CPU
		{D8A99637-93DB-4915-AEDF-BABF87B9319B}.Release|Any CPU.ActiveCfg = Release|Any CPU
		{D8A99637-93DB-4915-AEDF-BABF87B9319B}.Release|Any CPU.Build.0 = Release|Any CPU
		{D8A99637-93DB-4915-AEDF-BABF87B9319B}.Release|x64.ActiveCfg = Release|Any CPU
		{D8A99637-93DB-4915-AEDF-BABF87B9319B}.Release|x64.Build.0 = Release|Any CPU
		{D8A99637-93DB-4915-AEDF-BABF87B9319B}.Release|x86.ActiveCfg = Release|Any CPU
		{D8A99637-93DB-4915-AEDF-BABF87B9319B}.Release|x86.Build.0 = Release|Any CPU
		{0CF572DC-16C7-4261-B43D-7ADFB44AA69D}.Debug|Any CPU.ActiveCfg = Debug|Any CPU
		{0CF572DC-16C7-4261-B43D-7ADFB44AA69D}.Debug|Any CPU.Build.0 = Debug|Any CPU
		{0CF572DC-16C7-4261-B43D-7ADFB44AA69D}.Debug|x64.ActiveCfg = Debug|Any CPU
		{0CF572DC-16C7-4261-B43D-7ADFB44AA69D}.Debug|x64.Build.0 = Debug|Any CPU
		{0CF572DC-16C7-4261-B43D-7ADFB44AA69D}.Debug|x86.ActiveCfg = Debug|Any CPU
		{0CF572DC-16C7-4261-B43D-7ADFB44AA69D}.Debug|x86.Build.0 = Debug|Any CPU
		{0CF572DC-16C7-4261-B43D-7ADFB44AA69D}.Release|Any CPU.ActiveCfg = Release|Any CPU
		{0CF572DC-16C7-4261-B43D-7ADFB44AA69D}.Release|Any CPU.Build.0 = Release|Any CPU
		{0CF572DC-16C7-4261-B43D-7ADFB44AA69D}.Release|x64.ActiveCfg = Release|Any CPU
		{0CF572DC-16C7-4261-B43D-7ADFB44AA69D}.Release|x64.Build.0 = Release|Any CPU
		{0CF572DC-16C7-4261-B43D-7ADFB44AA69D}.Release|x86.ActiveCfg = Release|Any CPU
		{0CF572DC-16C7-4261-B43D-7ADFB44AA69D}.Release|x86.Build.0 = Release|Any CPU
		{836E2D9F-D548-4FA2-AFEE-7710C27126E6}.Debug|Any CPU.ActiveCfg = Debug|Any CPU
		{836E2D9F-D548-4FA2-AFEE-7710C27126E6}.Debug|Any CPU.Build.0 = Debug|Any CPU
		{836E2D9F-D548-4FA2-AFEE-7710C27126E6}.Debug|x64.ActiveCfg = Debug|Any CPU
		{836E2D9F-D548-4FA2-AFEE-7710C27126E6}.Debug|x64.Build.0 = Debug|Any CPU
		{836E2D9F-D548-4FA2-AFEE-7710C27126E6}.Debug|x86.ActiveCfg = Debug|Any CPU
		{836E2D9F-D548-4FA2-AFEE-7710C27126E6}.Debug|x86.Build.0 = Debug|Any CPU
		{836E2D9F-D548-4FA2-AFEE-7710C27126E6}.Release|Any CPU.ActiveCfg = Release|Any CPU
		{836E2D9F-D548-4FA2-AFEE-7710C27126E6}.Release|Any CPU.Build.0 = Release|Any CPU
		{836E2D9F-D548-4FA2-AFEE-7710C27126E6}.Release|x64.ActiveCfg = Release|Any CPU
		{836E2D9F-D548-4FA2-AFEE-7710C27126E6}.Release|x64.Build.0 = Release|Any CPU
		{836E2D9F-D548-4FA2-AFEE-7710C27126E6}.Release|x86.ActiveCfg = Release|Any CPU
		{836E2D9F-D548-4FA2-AFEE-7710C27126E6}.Release|x86.Build.0 = Release|Any CPU
		{D8B12E78-F148-4655-9BBC-EB6717124462}.Debug|Any CPU.ActiveCfg = Debug|Any CPU
		{D8B12E78-F148-4655-9BBC-EB6717124462}.Debug|Any CPU.Build.0 = Debug|Any CPU
		{D8B12E78-F148-4655-9BBC-EB6717124462}.Debug|x64.ActiveCfg = Debug|Any CPU
		{D8B12E78-F148-4655-9BBC-EB6717124462}.Debug|x64.Build.0 = Debug|Any CPU
		{D8B12E78-F148-4655-9BBC-EB6717124462}.Debug|x86.ActiveCfg = Debug|Any CPU
		{D8B12E78-F148-4655-9BBC-EB6717124462}.Debug|x86.Build.0 = Debug|Any CPU
		{D8B12E78-F148-4655-9BBC-EB6717124462}.Release|Any CPU.ActiveCfg = Release|Any CPU
		{D8B12E78-F148-4655-9BBC-EB6717124462}.Release|Any CPU.Build.0 = Release|Any CPU
		{D8B12E78-F148-4655-9BBC-EB6717124462}.Release|x64.ActiveCfg = Release|Any CPU
		{D8B12E78-F148-4655-9BBC-EB6717124462}.Release|x64.Build.0 = Release|Any CPU
		{D8B12E78-F148-4655-9BBC-EB6717124462}.Release|x86.ActiveCfg = Release|Any CPU
		{D8B12E78-F148-4655-9BBC-EB6717124462}.Release|x86.Build.0 = Release|Any CPU
		{D49E20AC-2DBA-4EDA-B9C1-D24E1E9C3DBD}.Debug|Any CPU.ActiveCfg = Debug|Any CPU
		{D49E20AC-2DBA-4EDA-B9C1-D24E1E9C3DBD}.Debug|Any CPU.Build.0 = Debug|Any CPU
		{D49E20AC-2DBA-4EDA-B9C1-D24E1E9C3DBD}.Debug|x64.ActiveCfg = Debug|Any CPU
		{D49E20AC-2DBA-4EDA-B9C1-D24E1E9C3DBD}.Debug|x64.Build.0 = Debug|Any CPU
		{D49E20AC-2DBA-4EDA-B9C1-D24E1E9C3DBD}.Debug|x86.ActiveCfg = Debug|Any CPU
		{D49E20AC-2DBA-4EDA-B9C1-D24E1E9C3DBD}.Debug|x86.Build.0 = Debug|Any CPU
		{D49E20AC-2DBA-4EDA-B9C1-D24E1E9C3DBD}.Release|Any CPU.ActiveCfg = Release|Any CPU
		{D49E20AC-2DBA-4EDA-B9C1-D24E1E9C3DBD}.Release|Any CPU.Build.0 = Release|Any CPU
		{D49E20AC-2DBA-4EDA-B9C1-D24E1E9C3DBD}.Release|x64.ActiveCfg = Release|Any CPU
		{D49E20AC-2DBA-4EDA-B9C1-D24E1E9C3DBD}.Release|x64.Build.0 = Release|Any CPU
		{D49E20AC-2DBA-4EDA-B9C1-D24E1E9C3DBD}.Release|x86.ActiveCfg = Release|Any CPU
		{D49E20AC-2DBA-4EDA-B9C1-D24E1E9C3DBD}.Release|x86.Build.0 = Release|Any CPU
		{F3DBCB40-3F8E-46B4-B20A-B3419387B431}.Debug|Any CPU.ActiveCfg = Debug|Any CPU
		{F3DBCB40-3F8E-46B4-B20A-B3419387B431}.Debug|Any CPU.Build.0 = Debug|Any CPU
		{F3DBCB40-3F8E-46B4-B20A-B3419387B431}.Debug|x64.ActiveCfg = Debug|Any CPU
		{F3DBCB40-3F8E-46B4-B20A-B3419387B431}.Debug|x64.Build.0 = Debug|Any CPU
		{F3DBCB40-3F8E-46B4-B20A-B3419387B431}.Debug|x86.ActiveCfg = Debug|Any CPU
		{F3DBCB40-3F8E-46B4-B20A-B3419387B431}.Debug|x86.Build.0 = Debug|Any CPU
		{F3DBCB40-3F8E-46B4-B20A-B3419387B431}.Release|Any CPU.ActiveCfg = Release|Any CPU
		{F3DBCB40-3F8E-46B4-B20A-B3419387B431}.Release|Any CPU.Build.0 = Release|Any CPU
		{F3DBCB40-3F8E-46B4-B20A-B3419387B431}.Release|x64.ActiveCfg = Release|Any CPU
		{F3DBCB40-3F8E-46B4-B20A-B3419387B431}.Release|x64.Build.0 = Release|Any CPU
		{F3DBCB40-3F8E-46B4-B20A-B3419387B431}.Release|x86.ActiveCfg = Release|Any CPU
		{F3DBCB40-3F8E-46B4-B20A-B3419387B431}.Release|x86.Build.0 = Release|Any CPU
		{C1B43E0B-8589-4650-8863-1CBE9912BCD8}.Debug|Any CPU.ActiveCfg = Debug|Any CPU
		{C1B43E0B-8589-4650-8863-1CBE9912BCD8}.Debug|Any CPU.Build.0 = Debug|Any CPU
		{C1B43E0B-8589-4650-8863-1CBE9912BCD8}.Debug|x64.ActiveCfg = Debug|Any CPU
		{C1B43E0B-8589-4650-8863-1CBE9912BCD8}.Debug|x64.Build.0 = Debug|Any CPU
		{C1B43E0B-8589-4650-8863-1CBE9912BCD8}.Debug|x86.ActiveCfg = Debug|Any CPU
		{C1B43E0B-8589-4650-8863-1CBE9912BCD8}.Debug|x86.Build.0 = Debug|Any CPU
		{C1B43E0B-8589-4650-8863-1CBE9912BCD8}.Release|Any CPU.ActiveCfg = Release|Any CPU
		{C1B43E0B-8589-4650-8863-1CBE9912BCD8}.Release|Any CPU.Build.0 = Release|Any CPU
		{C1B43E0B-8589-4650-8863-1CBE9912BCD8}.Release|x64.ActiveCfg = Release|Any CPU
		{C1B43E0B-8589-4650-8863-1CBE9912BCD8}.Release|x64.Build.0 = Release|Any CPU
		{C1B43E0B-8589-4650-8863-1CBE9912BCD8}.Release|x86.ActiveCfg = Release|Any CPU
		{C1B43E0B-8589-4650-8863-1CBE9912BCD8}.Release|x86.Build.0 = Release|Any CPU
		{DFEFA976-280A-40F0-8E85-48FFFC3BEEE9}.Debug|Any CPU.ActiveCfg = Debug|Any CPU
		{DFEFA976-280A-40F0-8E85-48FFFC3BEEE9}.Debug|Any CPU.Build.0 = Debug|Any CPU
		{DFEFA976-280A-40F0-8E85-48FFFC3BEEE9}.Debug|x64.ActiveCfg = Debug|Any CPU
		{DFEFA976-280A-40F0-8E85-48FFFC3BEEE9}.Debug|x64.Build.0 = Debug|Any CPU
		{DFEFA976-280A-40F0-8E85-48FFFC3BEEE9}.Debug|x86.ActiveCfg = Debug|Any CPU
		{DFEFA976-280A-40F0-8E85-48FFFC3BEEE9}.Debug|x86.Build.0 = Debug|Any CPU
		{DFEFA976-280A-40F0-8E85-48FFFC3BEEE9}.Release|Any CPU.ActiveCfg = Release|Any CPU
		{DFEFA976-280A-40F0-8E85-48FFFC3BEEE9}.Release|Any CPU.Build.0 = Release|Any CPU
		{DFEFA976-280A-40F0-8E85-48FFFC3BEEE9}.Release|x64.ActiveCfg = Release|Any CPU
		{DFEFA976-280A-40F0-8E85-48FFFC3BEEE9}.Release|x64.Build.0 = Release|Any CPU
		{DFEFA976-280A-40F0-8E85-48FFFC3BEEE9}.Release|x86.ActiveCfg = Release|Any CPU
		{DFEFA976-280A-40F0-8E85-48FFFC3BEEE9}.Release|x86.Build.0 = Release|Any CPU
		{5A0CC1B2-30E4-4DD5-8D80-6E05CA3DD9B6}.Debug|Any CPU.ActiveCfg = Debug|Any CPU
		{5A0CC1B2-30E4-4DD5-8D80-6E05CA3DD9B6}.Debug|Any CPU.Build.0 = Debug|Any CPU
		{5A0CC1B2-30E4-4DD5-8D80-6E05CA3DD9B6}.Debug|x64.ActiveCfg = Debug|Any CPU
		{5A0CC1B2-30E4-4DD5-8D80-6E05CA3DD9B6}.Debug|x64.Build.0 = Debug|Any CPU
		{5A0CC1B2-30E4-4DD5-8D80-6E05CA3DD9B6}.Debug|x86.ActiveCfg = Debug|Any CPU
		{5A0CC1B2-30E4-4DD5-8D80-6E05CA3DD9B6}.Debug|x86.Build.0 = Debug|Any CPU
		{5A0CC1B2-30E4-4DD5-8D80-6E05CA3DD9B6}.Release|Any CPU.ActiveCfg = Release|Any CPU
		{5A0CC1B2-30E4-4DD5-8D80-6E05CA3DD9B6}.Release|Any CPU.Build.0 = Release|Any CPU
		{5A0CC1B2-30E4-4DD5-8D80-6E05CA3DD9B6}.Release|x64.ActiveCfg = Release|Any CPU
		{5A0CC1B2-30E4-4DD5-8D80-6E05CA3DD9B6}.Release|x64.Build.0 = Release|Any CPU
		{5A0CC1B2-30E4-4DD5-8D80-6E05CA3DD9B6}.Release|x86.ActiveCfg = Release|Any CPU
		{5A0CC1B2-30E4-4DD5-8D80-6E05CA3DD9B6}.Release|x86.Build.0 = Release|Any CPU
		{7D483FB3-E0A5-4DD9-ACE2-478FB2848198}.Debug|Any CPU.ActiveCfg = Debug|Any CPU
		{7D483FB3-E0A5-4DD9-ACE2-478FB2848198}.Debug|Any CPU.Build.0 = Debug|Any CPU
		{7D483FB3-E0A5-4DD9-ACE2-478FB2848198}.Debug|x64.ActiveCfg = Debug|Any CPU
		{7D483FB3-E0A5-4DD9-ACE2-478FB2848198}.Debug|x64.Build.0 = Debug|Any CPU
		{7D483FB3-E0A5-4DD9-ACE2-478FB2848198}.Debug|x86.ActiveCfg = Debug|Any CPU
		{7D483FB3-E0A5-4DD9-ACE2-478FB2848198}.Debug|x86.Build.0 = Debug|Any CPU
		{7D483FB3-E0A5-4DD9-ACE2-478FB2848198}.Release|Any CPU.ActiveCfg = Release|Any CPU
		{7D483FB3-E0A5-4DD9-ACE2-478FB2848198}.Release|Any CPU.Build.0 = Release|Any CPU
		{7D483FB3-E0A5-4DD9-ACE2-478FB2848198}.Release|x64.ActiveCfg = Release|Any CPU
		{7D483FB3-E0A5-4DD9-ACE2-478FB2848198}.Release|x64.Build.0 = Release|Any CPU
		{7D483FB3-E0A5-4DD9-ACE2-478FB2848198}.Release|x86.ActiveCfg = Release|Any CPU
		{7D483FB3-E0A5-4DD9-ACE2-478FB2848198}.Release|x86.Build.0 = Release|Any CPU
		{B78B47C1-FE56-4852-B635-B084194A93AB}.Debug|Any CPU.ActiveCfg = Debug|Any CPU
		{B78B47C1-FE56-4852-B635-B084194A93AB}.Debug|Any CPU.Build.0 = Debug|Any CPU
		{B78B47C1-FE56-4852-B635-B084194A93AB}.Debug|x64.ActiveCfg = Debug|Any CPU
		{B78B47C1-FE56-4852-B635-B084194A93AB}.Debug|x64.Build.0 = Debug|Any CPU
		{B78B47C1-FE56-4852-B635-B084194A93AB}.Debug|x86.ActiveCfg = Debug|Any CPU
		{B78B47C1-FE56-4852-B635-B084194A93AB}.Debug|x86.Build.0 = Debug|Any CPU
		{B78B47C1-FE56-4852-B635-B084194A93AB}.Release|Any CPU.ActiveCfg = Release|Any CPU
		{B78B47C1-FE56-4852-B635-B084194A93AB}.Release|Any CPU.Build.0 = Release|Any CPU
		{B78B47C1-FE56-4852-B635-B084194A93AB}.Release|x64.ActiveCfg = Release|Any CPU
		{B78B47C1-FE56-4852-B635-B084194A93AB}.Release|x64.Build.0 = Release|Any CPU
		{B78B47C1-FE56-4852-B635-B084194A93AB}.Release|x86.ActiveCfg = Release|Any CPU
		{B78B47C1-FE56-4852-B635-B084194A93AB}.Release|x86.Build.0 = Release|Any CPU
		{765B1EF8-3725-408C-B395-52D5BB3A7155}.Debug|Any CPU.ActiveCfg = Debug|Any CPU
		{765B1EF8-3725-408C-B395-52D5BB3A7155}.Debug|Any CPU.Build.0 = Debug|Any CPU
		{765B1EF8-3725-408C-B395-52D5BB3A7155}.Debug|x64.ActiveCfg = Debug|Any CPU
		{765B1EF8-3725-408C-B395-52D5BB3A7155}.Debug|x64.Build.0 = Debug|Any CPU
		{765B1EF8-3725-408C-B395-52D5BB3A7155}.Debug|x86.ActiveCfg = Debug|Any CPU
		{765B1EF8-3725-408C-B395-52D5BB3A7155}.Debug|x86.Build.0 = Debug|Any CPU
		{765B1EF8-3725-408C-B395-52D5BB3A7155}.Release|Any CPU.ActiveCfg = Release|Any CPU
		{765B1EF8-3725-408C-B395-52D5BB3A7155}.Release|Any CPU.Build.0 = Release|Any CPU
		{765B1EF8-3725-408C-B395-52D5BB3A7155}.Release|x64.ActiveCfg = Release|Any CPU
		{765B1EF8-3725-408C-B395-52D5BB3A7155}.Release|x64.Build.0 = Release|Any CPU
		{765B1EF8-3725-408C-B395-52D5BB3A7155}.Release|x86.ActiveCfg = Release|Any CPU
		{765B1EF8-3725-408C-B395-52D5BB3A7155}.Release|x86.Build.0 = Release|Any CPU
		{0BE93D7F-7385-4694-B787-2E66ABE7A5B4}.Debug|Any CPU.ActiveCfg = Debug|Any CPU
		{0BE93D7F-7385-4694-B787-2E66ABE7A5B4}.Debug|Any CPU.Build.0 = Debug|Any CPU
		{0BE93D7F-7385-4694-B787-2E66ABE7A5B4}.Debug|x64.ActiveCfg = Debug|Any CPU
		{0BE93D7F-7385-4694-B787-2E66ABE7A5B4}.Debug|x64.Build.0 = Debug|Any CPU
		{0BE93D7F-7385-4694-B787-2E66ABE7A5B4}.Debug|x86.ActiveCfg = Debug|Any CPU
		{0BE93D7F-7385-4694-B787-2E66ABE7A5B4}.Debug|x86.Build.0 = Debug|Any CPU
		{0BE93D7F-7385-4694-B787-2E66ABE7A5B4}.Release|Any CPU.ActiveCfg = Release|Any CPU
		{0BE93D7F-7385-4694-B787-2E66ABE7A5B4}.Release|Any CPU.Build.0 = Release|Any CPU
		{0BE93D7F-7385-4694-B787-2E66ABE7A5B4}.Release|x64.ActiveCfg = Release|Any CPU
		{0BE93D7F-7385-4694-B787-2E66ABE7A5B4}.Release|x64.Build.0 = Release|Any CPU
		{0BE93D7F-7385-4694-B787-2E66ABE7A5B4}.Release|x86.ActiveCfg = Release|Any CPU
		{0BE93D7F-7385-4694-B787-2E66ABE7A5B4}.Release|x86.Build.0 = Release|Any CPU
		{79419166-B73A-4A43-9C92-12016834072F}.Debug|Any CPU.ActiveCfg = Debug|Any CPU
		{79419166-B73A-4A43-9C92-12016834072F}.Debug|Any CPU.Build.0 = Debug|Any CPU
		{79419166-B73A-4A43-9C92-12016834072F}.Debug|x64.ActiveCfg = Debug|Any CPU
		{79419166-B73A-4A43-9C92-12016834072F}.Debug|x64.Build.0 = Debug|Any CPU
		{79419166-B73A-4A43-9C92-12016834072F}.Debug|x86.ActiveCfg = Debug|Any CPU
		{79419166-B73A-4A43-9C92-12016834072F}.Debug|x86.Build.0 = Debug|Any CPU
		{79419166-B73A-4A43-9C92-12016834072F}.Release|Any CPU.ActiveCfg = Release|Any CPU
		{79419166-B73A-4A43-9C92-12016834072F}.Release|Any CPU.Build.0 = Release|Any CPU
		{79419166-B73A-4A43-9C92-12016834072F}.Release|x64.ActiveCfg = Release|Any CPU
		{79419166-B73A-4A43-9C92-12016834072F}.Release|x64.Build.0 = Release|Any CPU
		{79419166-B73A-4A43-9C92-12016834072F}.Release|x86.ActiveCfg = Release|Any CPU
		{79419166-B73A-4A43-9C92-12016834072F}.Release|x86.Build.0 = Release|Any CPU
		{C3B6AE1C-5BFE-4F6C-9D1B-14A83B03A3E7}.Debug|Any CPU.ActiveCfg = Debug|Any CPU
		{C3B6AE1C-5BFE-4F6C-9D1B-14A83B03A3E7}.Debug|Any CPU.Build.0 = Debug|Any CPU
		{C3B6AE1C-5BFE-4F6C-9D1B-14A83B03A3E7}.Debug|x64.ActiveCfg = Debug|Any CPU
		{C3B6AE1C-5BFE-4F6C-9D1B-14A83B03A3E7}.Debug|x64.Build.0 = Debug|Any CPU
		{C3B6AE1C-5BFE-4F6C-9D1B-14A83B03A3E7}.Debug|x86.ActiveCfg = Debug|Any CPU
		{C3B6AE1C-5BFE-4F6C-9D1B-14A83B03A3E7}.Debug|x86.Build.0 = Debug|Any CPU
		{C3B6AE1C-5BFE-4F6C-9D1B-14A83B03A3E7}.Release|Any CPU.ActiveCfg = Release|Any CPU
		{C3B6AE1C-5BFE-4F6C-9D1B-14A83B03A3E7}.Release|Any CPU.Build.0 = Release|Any CPU
		{C3B6AE1C-5BFE-4F6C-9D1B-14A83B03A3E7}.Release|x64.ActiveCfg = Release|Any CPU
		{C3B6AE1C-5BFE-4F6C-9D1B-14A83B03A3E7}.Release|x64.Build.0 = Release|Any CPU
		{C3B6AE1C-5BFE-4F6C-9D1B-14A83B03A3E7}.Release|x86.ActiveCfg = Release|Any CPU
		{C3B6AE1C-5BFE-4F6C-9D1B-14A83B03A3E7}.Release|x86.Build.0 = Release|Any CPU
		{89DE1B90-197D-469E-B2B0-BB5C66D74914}.Debug|Any CPU.ActiveCfg = Debug|Any CPU
		{89DE1B90-197D-469E-B2B0-BB5C66D74914}.Debug|Any CPU.Build.0 = Debug|Any CPU
		{89DE1B90-197D-469E-B2B0-BB5C66D74914}.Debug|x64.ActiveCfg = Debug|Any CPU
		{89DE1B90-197D-469E-B2B0-BB5C66D74914}.Debug|x64.Build.0 = Debug|Any CPU
		{89DE1B90-197D-469E-B2B0-BB5C66D74914}.Debug|x86.ActiveCfg = Debug|Any CPU
		{89DE1B90-197D-469E-B2B0-BB5C66D74914}.Debug|x86.Build.0 = Debug|Any CPU
		{89DE1B90-197D-469E-B2B0-BB5C66D74914}.Release|Any CPU.ActiveCfg = Release|Any CPU
		{89DE1B90-197D-469E-B2B0-BB5C66D74914}.Release|Any CPU.Build.0 = Release|Any CPU
		{89DE1B90-197D-469E-B2B0-BB5C66D74914}.Release|x64.ActiveCfg = Release|Any CPU
		{89DE1B90-197D-469E-B2B0-BB5C66D74914}.Release|x64.Build.0 = Release|Any CPU
		{89DE1B90-197D-469E-B2B0-BB5C66D74914}.Release|x86.ActiveCfg = Release|Any CPU
		{89DE1B90-197D-469E-B2B0-BB5C66D74914}.Release|x86.Build.0 = Release|Any CPU
		{FC683429-4C50-4B4E-91BC-F8DCD5BE2B66}.Debug|Any CPU.ActiveCfg = Debug|Any CPU
		{FC683429-4C50-4B4E-91BC-F8DCD5BE2B66}.Debug|Any CPU.Build.0 = Debug|Any CPU
		{FC683429-4C50-4B4E-91BC-F8DCD5BE2B66}.Debug|x64.ActiveCfg = Debug|Any CPU
		{FC683429-4C50-4B4E-91BC-F8DCD5BE2B66}.Debug|x64.Build.0 = Debug|Any CPU
		{FC683429-4C50-4B4E-91BC-F8DCD5BE2B66}.Debug|x86.ActiveCfg = Debug|Any CPU
		{FC683429-4C50-4B4E-91BC-F8DCD5BE2B66}.Debug|x86.Build.0 = Debug|Any CPU
		{FC683429-4C50-4B4E-91BC-F8DCD5BE2B66}.Release|Any CPU.ActiveCfg = Release|Any CPU
		{FC683429-4C50-4B4E-91BC-F8DCD5BE2B66}.Release|Any CPU.Build.0 = Release|Any CPU
		{FC683429-4C50-4B4E-91BC-F8DCD5BE2B66}.Release|x64.ActiveCfg = Release|Any CPU
		{FC683429-4C50-4B4E-91BC-F8DCD5BE2B66}.Release|x64.Build.0 = Release|Any CPU
		{FC683429-4C50-4B4E-91BC-F8DCD5BE2B66}.Release|x86.ActiveCfg = Release|Any CPU
		{FC683429-4C50-4B4E-91BC-F8DCD5BE2B66}.Release|x86.Build.0 = Release|Any CPU
		{8C1C8827-6E22-4567-A369-21A394F6DA98}.Debug|Any CPU.ActiveCfg = Debug|Any CPU
		{8C1C8827-6E22-4567-A369-21A394F6DA98}.Debug|Any CPU.Build.0 = Debug|Any CPU
		{8C1C8827-6E22-4567-A369-21A394F6DA98}.Debug|x64.ActiveCfg = Debug|Any CPU
		{8C1C8827-6E22-4567-A369-21A394F6DA98}.Debug|x64.Build.0 = Debug|Any CPU
		{8C1C8827-6E22-4567-A369-21A394F6DA98}.Debug|x86.ActiveCfg = Debug|Any CPU
		{8C1C8827-6E22-4567-A369-21A394F6DA98}.Debug|x86.Build.0 = Debug|Any CPU
		{8C1C8827-6E22-4567-A369-21A394F6DA98}.Release|Any CPU.ActiveCfg = Release|Any CPU
		{8C1C8827-6E22-4567-A369-21A394F6DA98}.Release|Any CPU.Build.0 = Release|Any CPU
		{8C1C8827-6E22-4567-A369-21A394F6DA98}.Release|x64.ActiveCfg = Release|Any CPU
		{8C1C8827-6E22-4567-A369-21A394F6DA98}.Release|x64.Build.0 = Release|Any CPU
		{8C1C8827-6E22-4567-A369-21A394F6DA98}.Release|x86.ActiveCfg = Release|Any CPU
		{8C1C8827-6E22-4567-A369-21A394F6DA98}.Release|x86.Build.0 = Release|Any CPU
		{6EFCEF65-3F30-4ED5-93B5-670A5A2D4681}.Debug|Any CPU.ActiveCfg = Debug|Any CPU
		{6EFCEF65-3F30-4ED5-93B5-670A5A2D4681}.Debug|Any CPU.Build.0 = Debug|Any CPU
		{6EFCEF65-3F30-4ED5-93B5-670A5A2D4681}.Debug|x64.ActiveCfg = Debug|Any CPU
		{6EFCEF65-3F30-4ED5-93B5-670A5A2D4681}.Debug|x64.Build.0 = Debug|Any CPU
		{6EFCEF65-3F30-4ED5-93B5-670A5A2D4681}.Debug|x86.ActiveCfg = Debug|Any CPU
		{6EFCEF65-3F30-4ED5-93B5-670A5A2D4681}.Debug|x86.Build.0 = Debug|Any CPU
		{6EFCEF65-3F30-4ED5-93B5-670A5A2D4681}.Release|Any CPU.ActiveCfg = Release|Any CPU
		{6EFCEF65-3F30-4ED5-93B5-670A5A2D4681}.Release|Any CPU.Build.0 = Release|Any CPU
		{6EFCEF65-3F30-4ED5-93B5-670A5A2D4681}.Release|x64.ActiveCfg = Release|Any CPU
		{6EFCEF65-3F30-4ED5-93B5-670A5A2D4681}.Release|x64.Build.0 = Release|Any CPU
		{6EFCEF65-3F30-4ED5-93B5-670A5A2D4681}.Release|x86.ActiveCfg = Release|Any CPU
		{6EFCEF65-3F30-4ED5-93B5-670A5A2D4681}.Release|x86.Build.0 = Release|Any CPU
		{F3DA3BE6-846E-4460-9234-13C1E53E6CB5}.Debug|Any CPU.ActiveCfg = Debug|Any CPU
		{F3DA3BE6-846E-4460-9234-13C1E53E6CB5}.Debug|Any CPU.Build.0 = Debug|Any CPU
		{F3DA3BE6-846E-4460-9234-13C1E53E6CB5}.Debug|x64.ActiveCfg = Debug|Any CPU
		{F3DA3BE6-846E-4460-9234-13C1E53E6CB5}.Debug|x64.Build.0 = Debug|Any CPU
		{F3DA3BE6-846E-4460-9234-13C1E53E6CB5}.Debug|x86.ActiveCfg = Debug|Any CPU
		{F3DA3BE6-846E-4460-9234-13C1E53E6CB5}.Debug|x86.Build.0 = Debug|Any CPU
		{F3DA3BE6-846E-4460-9234-13C1E53E6CB5}.Release|Any CPU.ActiveCfg = Release|Any CPU
		{F3DA3BE6-846E-4460-9234-13C1E53E6CB5}.Release|Any CPU.Build.0 = Release|Any CPU
		{F3DA3BE6-846E-4460-9234-13C1E53E6CB5}.Release|x64.ActiveCfg = Release|Any CPU
		{F3DA3BE6-846E-4460-9234-13C1E53E6CB5}.Release|x64.Build.0 = Release|Any CPU
		{F3DA3BE6-846E-4460-9234-13C1E53E6CB5}.Release|x86.ActiveCfg = Release|Any CPU
		{F3DA3BE6-846E-4460-9234-13C1E53E6CB5}.Release|x86.Build.0 = Release|Any CPU
		{2184AD61-7A8D-4D77-828F-6E8C78066F22}.Debug|Any CPU.ActiveCfg = Debug|Any CPU
		{2184AD61-7A8D-4D77-828F-6E8C78066F22}.Debug|Any CPU.Build.0 = Debug|Any CPU
		{2184AD61-7A8D-4D77-828F-6E8C78066F22}.Debug|x64.ActiveCfg = Debug|Any CPU
		{2184AD61-7A8D-4D77-828F-6E8C78066F22}.Debug|x64.Build.0 = Debug|Any CPU
		{2184AD61-7A8D-4D77-828F-6E8C78066F22}.Debug|x86.ActiveCfg = Debug|Any CPU
		{2184AD61-7A8D-4D77-828F-6E8C78066F22}.Debug|x86.Build.0 = Debug|Any CPU
		{2184AD61-7A8D-4D77-828F-6E8C78066F22}.Release|Any CPU.ActiveCfg = Release|Any CPU
		{2184AD61-7A8D-4D77-828F-6E8C78066F22}.Release|Any CPU.Build.0 = Release|Any CPU
		{2184AD61-7A8D-4D77-828F-6E8C78066F22}.Release|x64.ActiveCfg = Release|Any CPU
		{2184AD61-7A8D-4D77-828F-6E8C78066F22}.Release|x64.Build.0 = Release|Any CPU
		{2184AD61-7A8D-4D77-828F-6E8C78066F22}.Release|x86.ActiveCfg = Release|Any CPU
		{2184AD61-7A8D-4D77-828F-6E8C78066F22}.Release|x86.Build.0 = Release|Any CPU
		{C6E54387-ADBF-4EBE-AF32-4199637CAC35}.Debug|Any CPU.ActiveCfg = Debug|Any CPU
		{C6E54387-ADBF-4EBE-AF32-4199637CAC35}.Debug|Any CPU.Build.0 = Debug|Any CPU
		{C6E54387-ADBF-4EBE-AF32-4199637CAC35}.Debug|x64.ActiveCfg = Debug|Any CPU
		{C6E54387-ADBF-4EBE-AF32-4199637CAC35}.Debug|x64.Build.0 = Debug|Any CPU
		{C6E54387-ADBF-4EBE-AF32-4199637CAC35}.Debug|x86.ActiveCfg = Debug|Any CPU
		{C6E54387-ADBF-4EBE-AF32-4199637CAC35}.Debug|x86.Build.0 = Debug|Any CPU
		{C6E54387-ADBF-4EBE-AF32-4199637CAC35}.Release|Any CPU.ActiveCfg = Release|Any CPU
		{C6E54387-ADBF-4EBE-AF32-4199637CAC35}.Release|Any CPU.Build.0 = Release|Any CPU
		{C6E54387-ADBF-4EBE-AF32-4199637CAC35}.Release|x64.ActiveCfg = Release|Any CPU
		{C6E54387-ADBF-4EBE-AF32-4199637CAC35}.Release|x64.Build.0 = Release|Any CPU
		{C6E54387-ADBF-4EBE-AF32-4199637CAC35}.Release|x86.ActiveCfg = Release|Any CPU
		{C6E54387-ADBF-4EBE-AF32-4199637CAC35}.Release|x86.Build.0 = Release|Any CPU
		{D30A1100-ADF1-4D3E-9DE1-BC85F815C950}.Debug|Any CPU.ActiveCfg = Debug|Any CPU
		{D30A1100-ADF1-4D3E-9DE1-BC85F815C950}.Debug|Any CPU.Build.0 = Debug|Any CPU
		{D30A1100-ADF1-4D3E-9DE1-BC85F815C950}.Debug|x64.ActiveCfg = Debug|Any CPU
		{D30A1100-ADF1-4D3E-9DE1-BC85F815C950}.Debug|x64.Build.0 = Debug|Any CPU
		{D30A1100-ADF1-4D3E-9DE1-BC85F815C950}.Debug|x86.ActiveCfg = Debug|Any CPU
		{D30A1100-ADF1-4D3E-9DE1-BC85F815C950}.Debug|x86.Build.0 = Debug|Any CPU
		{D30A1100-ADF1-4D3E-9DE1-BC85F815C950}.Release|Any CPU.ActiveCfg = Release|Any CPU
		{D30A1100-ADF1-4D3E-9DE1-BC85F815C950}.Release|Any CPU.Build.0 = Release|Any CPU
		{D30A1100-ADF1-4D3E-9DE1-BC85F815C950}.Release|x64.ActiveCfg = Release|Any CPU
		{D30A1100-ADF1-4D3E-9DE1-BC85F815C950}.Release|x64.Build.0 = Release|Any CPU
		{D30A1100-ADF1-4D3E-9DE1-BC85F815C950}.Release|x86.ActiveCfg = Release|Any CPU
		{D30A1100-ADF1-4D3E-9DE1-BC85F815C950}.Release|x86.Build.0 = Release|Any CPU
		{203258EF-4AEF-4DEE-898E-66A928D97BC6}.Debug|Any CPU.ActiveCfg = Debug|Any CPU
		{203258EF-4AEF-4DEE-898E-66A928D97BC6}.Debug|Any CPU.Build.0 = Debug|Any CPU
		{203258EF-4AEF-4DEE-898E-66A928D97BC6}.Debug|x64.ActiveCfg = Debug|Any CPU
		{203258EF-4AEF-4DEE-898E-66A928D97BC6}.Debug|x64.Build.0 = Debug|Any CPU
		{203258EF-4AEF-4DEE-898E-66A928D97BC6}.Debug|x86.ActiveCfg = Debug|Any CPU
		{203258EF-4AEF-4DEE-898E-66A928D97BC6}.Debug|x86.Build.0 = Debug|Any CPU
		{203258EF-4AEF-4DEE-898E-66A928D97BC6}.Release|Any CPU.ActiveCfg = Release|Any CPU
		{203258EF-4AEF-4DEE-898E-66A928D97BC6}.Release|Any CPU.Build.0 = Release|Any CPU
		{203258EF-4AEF-4DEE-898E-66A928D97BC6}.Release|x64.ActiveCfg = Release|Any CPU
		{203258EF-4AEF-4DEE-898E-66A928D97BC6}.Release|x64.Build.0 = Release|Any CPU
		{203258EF-4AEF-4DEE-898E-66A928D97BC6}.Release|x86.ActiveCfg = Release|Any CPU
		{203258EF-4AEF-4DEE-898E-66A928D97BC6}.Release|x86.Build.0 = Release|Any CPU
		{9D87FFC7-BC17-4440-B712-AC23B0D7A724}.Debug|Any CPU.ActiveCfg = Debug|Any CPU
		{9D87FFC7-BC17-4440-B712-AC23B0D7A724}.Debug|Any CPU.Build.0 = Debug|Any CPU
		{9D87FFC7-BC17-4440-B712-AC23B0D7A724}.Debug|x64.ActiveCfg = Debug|Any CPU
		{9D87FFC7-BC17-4440-B712-AC23B0D7A724}.Debug|x64.Build.0 = Debug|Any CPU
		{9D87FFC7-BC17-4440-B712-AC23B0D7A724}.Debug|x86.ActiveCfg = Debug|Any CPU
		{9D87FFC7-BC17-4440-B712-AC23B0D7A724}.Debug|x86.Build.0 = Debug|Any CPU
		{9D87FFC7-BC17-4440-B712-AC23B0D7A724}.Release|Any CPU.ActiveCfg = Release|Any CPU
		{9D87FFC7-BC17-4440-B712-AC23B0D7A724}.Release|Any CPU.Build.0 = Release|Any CPU
		{9D87FFC7-BC17-4440-B712-AC23B0D7A724}.Release|x64.ActiveCfg = Release|Any CPU
		{9D87FFC7-BC17-4440-B712-AC23B0D7A724}.Release|x64.Build.0 = Release|Any CPU
		{9D87FFC7-BC17-4440-B712-AC23B0D7A724}.Release|x86.ActiveCfg = Release|Any CPU
		{9D87FFC7-BC17-4440-B712-AC23B0D7A724}.Release|x86.Build.0 = Release|Any CPU
		{1DEBFF81-0B41-450B-AEC7-BC243F045EAF}.Debug|Any CPU.ActiveCfg = Debug|Any CPU
		{1DEBFF81-0B41-450B-AEC7-BC243F045EAF}.Debug|Any CPU.Build.0 = Debug|Any CPU
		{1DEBFF81-0B41-450B-AEC7-BC243F045EAF}.Debug|x64.ActiveCfg = Debug|Any CPU
		{1DEBFF81-0B41-450B-AEC7-BC243F045EAF}.Debug|x64.Build.0 = Debug|Any CPU
		{1DEBFF81-0B41-450B-AEC7-BC243F045EAF}.Debug|x86.ActiveCfg = Debug|Any CPU
		{1DEBFF81-0B41-450B-AEC7-BC243F045EAF}.Debug|x86.Build.0 = Debug|Any CPU
		{1DEBFF81-0B41-450B-AEC7-BC243F045EAF}.Release|Any CPU.ActiveCfg = Release|Any CPU
		{1DEBFF81-0B41-450B-AEC7-BC243F045EAF}.Release|Any CPU.Build.0 = Release|Any CPU
		{1DEBFF81-0B41-450B-AEC7-BC243F045EAF}.Release|x64.ActiveCfg = Release|Any CPU
		{1DEBFF81-0B41-450B-AEC7-BC243F045EAF}.Release|x64.Build.0 = Release|Any CPU
		{1DEBFF81-0B41-450B-AEC7-BC243F045EAF}.Release|x86.ActiveCfg = Release|Any CPU
		{1DEBFF81-0B41-450B-AEC7-BC243F045EAF}.Release|x86.Build.0 = Release|Any CPU
		{27405B38-728F-4B34-9395-F19134F09EBC}.Debug|Any CPU.ActiveCfg = Debug|Any CPU
		{27405B38-728F-4B34-9395-F19134F09EBC}.Debug|Any CPU.Build.0 = Debug|Any CPU
		{27405B38-728F-4B34-9395-F19134F09EBC}.Debug|x64.ActiveCfg = Debug|Any CPU
		{27405B38-728F-4B34-9395-F19134F09EBC}.Debug|x64.Build.0 = Debug|Any CPU
		{27405B38-728F-4B34-9395-F19134F09EBC}.Debug|x86.ActiveCfg = Debug|Any CPU
		{27405B38-728F-4B34-9395-F19134F09EBC}.Debug|x86.Build.0 = Debug|Any CPU
		{27405B38-728F-4B34-9395-F19134F09EBC}.Release|Any CPU.ActiveCfg = Release|Any CPU
		{27405B38-728F-4B34-9395-F19134F09EBC}.Release|Any CPU.Build.0 = Release|Any CPU
		{27405B38-728F-4B34-9395-F19134F09EBC}.Release|x64.ActiveCfg = Release|Any CPU
		{27405B38-728F-4B34-9395-F19134F09EBC}.Release|x64.Build.0 = Release|Any CPU
		{27405B38-728F-4B34-9395-F19134F09EBC}.Release|x86.ActiveCfg = Release|Any CPU
		{27405B38-728F-4B34-9395-F19134F09EBC}.Release|x86.Build.0 = Release|Any CPU
		{E65F9779-A98A-46D0-8EDA-EE31A389B195}.Debug|Any CPU.ActiveCfg = Debug|Any CPU
		{E65F9779-A98A-46D0-8EDA-EE31A389B195}.Debug|Any CPU.Build.0 = Debug|Any CPU
		{E65F9779-A98A-46D0-8EDA-EE31A389B195}.Debug|x64.ActiveCfg = Debug|Any CPU
		{E65F9779-A98A-46D0-8EDA-EE31A389B195}.Debug|x64.Build.0 = Debug|Any CPU
		{E65F9779-A98A-46D0-8EDA-EE31A389B195}.Debug|x86.ActiveCfg = Debug|Any CPU
		{E65F9779-A98A-46D0-8EDA-EE31A389B195}.Debug|x86.Build.0 = Debug|Any CPU
		{E65F9779-A98A-46D0-8EDA-EE31A389B195}.Release|Any CPU.ActiveCfg = Release|Any CPU
		{E65F9779-A98A-46D0-8EDA-EE31A389B195}.Release|Any CPU.Build.0 = Release|Any CPU
		{E65F9779-A98A-46D0-8EDA-EE31A389B195}.Release|x64.ActiveCfg = Release|Any CPU
		{E65F9779-A98A-46D0-8EDA-EE31A389B195}.Release|x64.Build.0 = Release|Any CPU
		{E65F9779-A98A-46D0-8EDA-EE31A389B195}.Release|x86.ActiveCfg = Release|Any CPU
		{E65F9779-A98A-46D0-8EDA-EE31A389B195}.Release|x86.Build.0 = Release|Any CPU
		{6F324D47-60F2-400A-93CE-E2B28048CF80}.Debug|Any CPU.ActiveCfg = Debug|Any CPU
		{6F324D47-60F2-400A-93CE-E2B28048CF80}.Debug|Any CPU.Build.0 = Debug|Any CPU
		{6F324D47-60F2-400A-93CE-E2B28048CF80}.Debug|x64.ActiveCfg = Debug|Any CPU
		{6F324D47-60F2-400A-93CE-E2B28048CF80}.Debug|x64.Build.0 = Debug|Any CPU
		{6F324D47-60F2-400A-93CE-E2B28048CF80}.Debug|x86.ActiveCfg = Debug|Any CPU
		{6F324D47-60F2-400A-93CE-E2B28048CF80}.Debug|x86.Build.0 = Debug|Any CPU
		{6F324D47-60F2-400A-93CE-E2B28048CF80}.Release|Any CPU.ActiveCfg = Release|Any CPU
		{6F324D47-60F2-400A-93CE-E2B28048CF80}.Release|Any CPU.Build.0 = Release|Any CPU
		{6F324D47-60F2-400A-93CE-E2B28048CF80}.Release|x64.ActiveCfg = Release|Any CPU
		{6F324D47-60F2-400A-93CE-E2B28048CF80}.Release|x64.Build.0 = Release|Any CPU
		{6F324D47-60F2-400A-93CE-E2B28048CF80}.Release|x86.ActiveCfg = Release|Any CPU
		{6F324D47-60F2-400A-93CE-E2B28048CF80}.Release|x86.Build.0 = Release|Any CPU
		{6785D82A-D7DA-476C-831A-1991798B3778}.Debug|Any CPU.ActiveCfg = Debug|Any CPU
		{6785D82A-D7DA-476C-831A-1991798B3778}.Debug|Any CPU.Build.0 = Debug|Any CPU
		{6785D82A-D7DA-476C-831A-1991798B3778}.Debug|x64.ActiveCfg = Debug|Any CPU
		{6785D82A-D7DA-476C-831A-1991798B3778}.Debug|x64.Build.0 = Debug|Any CPU
		{6785D82A-D7DA-476C-831A-1991798B3778}.Debug|x86.ActiveCfg = Debug|Any CPU
		{6785D82A-D7DA-476C-831A-1991798B3778}.Debug|x86.Build.0 = Debug|Any CPU
		{6785D82A-D7DA-476C-831A-1991798B3778}.Release|Any CPU.ActiveCfg = Release|Any CPU
		{6785D82A-D7DA-476C-831A-1991798B3778}.Release|Any CPU.Build.0 = Release|Any CPU
		{6785D82A-D7DA-476C-831A-1991798B3778}.Release|x64.ActiveCfg = Release|Any CPU
		{6785D82A-D7DA-476C-831A-1991798B3778}.Release|x64.Build.0 = Release|Any CPU
		{6785D82A-D7DA-476C-831A-1991798B3778}.Release|x86.ActiveCfg = Release|Any CPU
		{6785D82A-D7DA-476C-831A-1991798B3778}.Release|x86.Build.0 = Release|Any CPU
		{19F4CA0A-A629-4977-91CC-07B508D99FF7}.Debug|Any CPU.ActiveCfg = Debug|Any CPU
		{19F4CA0A-A629-4977-91CC-07B508D99FF7}.Debug|Any CPU.Build.0 = Debug|Any CPU
		{19F4CA0A-A629-4977-91CC-07B508D99FF7}.Debug|x64.ActiveCfg = Debug|Any CPU
		{19F4CA0A-A629-4977-91CC-07B508D99FF7}.Debug|x64.Build.0 = Debug|Any CPU
		{19F4CA0A-A629-4977-91CC-07B508D99FF7}.Debug|x86.ActiveCfg = Debug|Any CPU
		{19F4CA0A-A629-4977-91CC-07B508D99FF7}.Debug|x86.Build.0 = Debug|Any CPU
		{19F4CA0A-A629-4977-91CC-07B508D99FF7}.Release|Any CPU.ActiveCfg = Release|Any CPU
		{19F4CA0A-A629-4977-91CC-07B508D99FF7}.Release|Any CPU.Build.0 = Release|Any CPU
		{19F4CA0A-A629-4977-91CC-07B508D99FF7}.Release|x64.ActiveCfg = Release|Any CPU
		{19F4CA0A-A629-4977-91CC-07B508D99FF7}.Release|x64.Build.0 = Release|Any CPU
		{19F4CA0A-A629-4977-91CC-07B508D99FF7}.Release|x86.ActiveCfg = Release|Any CPU
		{19F4CA0A-A629-4977-91CC-07B508D99FF7}.Release|x86.Build.0 = Release|Any CPU
		{D2FC3322-F235-451C-8241-E5961330FBAA}.Debug|Any CPU.ActiveCfg = Debug|Any CPU
		{D2FC3322-F235-451C-8241-E5961330FBAA}.Debug|Any CPU.Build.0 = Debug|Any CPU
		{D2FC3322-F235-451C-8241-E5961330FBAA}.Debug|x64.ActiveCfg = Debug|Any CPU
		{D2FC3322-F235-451C-8241-E5961330FBAA}.Debug|x64.Build.0 = Debug|Any CPU
		{D2FC3322-F235-451C-8241-E5961330FBAA}.Debug|x86.ActiveCfg = Debug|Any CPU
		{D2FC3322-F235-451C-8241-E5961330FBAA}.Debug|x86.Build.0 = Debug|Any CPU
		{D2FC3322-F235-451C-8241-E5961330FBAA}.Release|Any CPU.ActiveCfg = Release|Any CPU
		{D2FC3322-F235-451C-8241-E5961330FBAA}.Release|Any CPU.Build.0 = Release|Any CPU
		{D2FC3322-F235-451C-8241-E5961330FBAA}.Release|x64.ActiveCfg = Release|Any CPU
		{D2FC3322-F235-451C-8241-E5961330FBAA}.Release|x64.Build.0 = Release|Any CPU
		{D2FC3322-F235-451C-8241-E5961330FBAA}.Release|x86.ActiveCfg = Release|Any CPU
		{D2FC3322-F235-451C-8241-E5961330FBAA}.Release|x86.Build.0 = Release|Any CPU
	EndGlobalSection
	GlobalSection(NestedProjects) = preSolution
		{9188F480-A09C-46BD-877C-78679FC70047} = {2FBE388B-E346-4CF3-A013-62C95A37F611}
		{EE3B9366-A8AD-4448-A09E-F689C2A16C3A} = {2FBE388B-E346-4CF3-A013-62C95A37F611}
		{E72E0EB6-C5D8-4856-B82B-B258FDFB25B7} = {E8570FF5-5D05-4F89-9435-E51629FCFC72}
		{92D1C064-ACE2-447D-A974-C085EAEA7C2E} = {E8570FF5-5D05-4F89-9435-E51629FCFC72}
		{D8A99637-93DB-4915-AEDF-BABF87B9319B} = {93E0E88C-145C-476C-9217-B76050E4C3C4}
		{0CF572DC-16C7-4261-B43D-7ADFB44AA69D} = {93E0E88C-145C-476C-9217-B76050E4C3C4}
		{B5C1D283-CB61-4F4F-8D56-9409DF1BFAE5} = {93E0E88C-145C-476C-9217-B76050E4C3C4}
		{D8B12E78-F148-4655-9BBC-EB6717124462} = {799336F2-AF04-4787-8B39-0CF7AF18B163}
		{D49E20AC-2DBA-4EDA-B9C1-D24E1E9C3DBD} = {799336F2-AF04-4787-8B39-0CF7AF18B163}
		{F3DBCB40-3F8E-46B4-B20A-B3419387B431} = {799336F2-AF04-4787-8B39-0CF7AF18B163}
		{C1B43E0B-8589-4650-8863-1CBE9912BCD8} = {2FBE388B-E346-4CF3-A013-62C95A37F611}
		{DFEFA976-280A-40F0-8E85-48FFFC3BEEE9} = {E8570FF5-5D05-4F89-9435-E51629FCFC72}
		{5A0CC1B2-30E4-4DD5-8D80-6E05CA3DD9B6} = {8DD55DD6-BC23-4911-928A-16B44126B69F}
		{7D483FB3-E0A5-4DD9-ACE2-478FB2848198} = {8DD55DD6-BC23-4911-928A-16B44126B69F}
		{B78B47C1-FE56-4852-B635-B084194A93AB} = {8DD55DD6-BC23-4911-928A-16B44126B69F}
		{765B1EF8-3725-408C-B395-52D5BB3A7155} = {6C76DE20-9337-4635-BBBD-0CB894827A95}
		{0BE93D7F-7385-4694-B787-2E66ABE7A5B4} = {6C76DE20-9337-4635-BBBD-0CB894827A95}
		{79419166-B73A-4A43-9C92-12016834072F} = {6C76DE20-9337-4635-BBBD-0CB894827A95}
		{C3B6AE1C-5BFE-4F6C-9D1B-14A83B03A3E7} = {BDD9755A-7FBA-4530-A4FF-FCF524D2C492}
		{89DE1B90-197D-469E-B2B0-BB5C66D74914} = {BDD9755A-7FBA-4530-A4FF-FCF524D2C492}
		{FC683429-4C50-4B4E-91BC-F8DCD5BE2B66} = {BDD9755A-7FBA-4530-A4FF-FCF524D2C492}
		{8C1C8827-6E22-4567-A369-21A394F6DA98} = {29A9AA79-F21C-40C9-B773-CC1C040937C2}
		{6EFCEF65-3F30-4ED5-93B5-670A5A2D4681} = {29A9AA79-F21C-40C9-B773-CC1C040937C2}
		{F3DA3BE6-846E-4460-9234-13C1E53E6CB5} = {29A9AA79-F21C-40C9-B773-CC1C040937C2}
		{F090DED4-BA82-4CB0-9EC7-4B5164EDD289} = {29A9AA79-F21C-40C9-B773-CC1C040937C2}
		{2184AD61-7A8D-4D77-828F-6E8C78066F22} = {F090DED4-BA82-4CB0-9EC7-4B5164EDD289}
		{C6E54387-ADBF-4EBE-AF32-4199637CAC35} = {F090DED4-BA82-4CB0-9EC7-4B5164EDD289}
		{D30A1100-ADF1-4D3E-9DE1-BC85F815C950} = {306DDBC4-07F2-45D4-8845-9ACB026E2030}
		{203258EF-4AEF-4DEE-898E-66A928D97BC6} = {306DDBC4-07F2-45D4-8845-9ACB026E2030}
		{9D87FFC7-BC17-4440-B712-AC23B0D7A724} = {306DDBC4-07F2-45D4-8845-9ACB026E2030}
		{27405B38-728F-4B34-9395-F19134F09EBC} = {88BFA4E3-B60A-4875-93B1-A8BAB33FCA89}
		{E65F9779-A98A-46D0-8EDA-EE31A389B195} = {88BFA4E3-B60A-4875-93B1-A8BAB33FCA89}
		{6F324D47-60F2-400A-93CE-E2B28048CF80} = {88BFA4E3-B60A-4875-93B1-A8BAB33FCA89}
		{19F4CA0A-A629-4977-91CC-07B508D99FF7} = {4B751A46-1F7B-45C7-A3E6-47E31F5BE812}
		{D2FC3322-F235-451C-8241-E5961330FBAA} = {4B751A46-1F7B-45C7-A3E6-47E31F5BE812}
	EndGlobalSection
EndGlobal
