Microsoft Visual Studio Solution File, Format Version 12.00
# Visual Studio Version 16
VisualStudioVersion = 16.0.0.0
MinimumVisualStudioVersion = 16.0.0.0
Project("{9A19103F-16F7-4668-BE54-9A1E7A4F7556}") = "Sales.UI.Server", "Server\Sales.UI.Server.csproj", "{C977E950-54B0-4AB2-B219-71FBCC0D4B28}"
EndProject
Project("{9A19103F-16F7-4668-BE54-9A1E7A4F7556}") = "Sales.UI.Client", "Client\Sales.UI.Client.csproj", "{A4467B15-BFCB-4F9B-9A18-1D94350B5F82}"
EndProject
Project("{9A19103F-16F7-4668-BE54-9A1E7A4F7556}") = "Sales.UI.Shared", "Shared\Sales.UI.Shared.csproj", "{50427A29-7A63-494A-AB92-F6929036ACB7}"
EndProject
Global
	GlobalSection(SolutionConfigurationPlatforms) = preSolution
		Debug|Any CPU = Debug|Any CPU
		Debug|x64 = Debug|x64
		Debug|x86 = Debug|x86
		Release|Any CPU = Release|Any CPU
		Release|x64 = Release|x64
		Release|x86 = Release|x86
	EndGlobalSection
	GlobalSection(ProjectConfigurationPlatforms) = postSolution
		{A4467B15-BFCB-4F9B-9A18-1D94350B5F82}.Debug|Any CPU.ActiveCfg = Debug|Any CPU
		{A4467B15-BFCB-4F9B-9A18-1D94350B5F82}.Debug|Any CPU.Build.0 = Debug|Any CPU
		{A4467B15-BFCB-4F9B-9A18-1D94350B5F82}.Debug|x64.ActiveCfg = Debug|Any CPU
		{A4467B15-BFCB-4F9B-9A18-1D94350B5F82}.Debug|x64.Build.0 = Debug|Any CPU
		{A4467B15-BFCB-4F9B-9A18-1D94350B5F82}.Debug|x86.ActiveCfg = Debug|Any CPU
		{A4467B15-BFCB-4F9B-9A18-1D94350B5F82}.Debug|x86.Build.0 = Debug|Any CPU
		{A4467B15-BFCB-4F9B-9A18-1D94350B5F82}.Release|Any CPU.ActiveCfg = Release|Any CPU
		{A4467B15-BFCB-4F9B-9A18-1D94350B5F82}.Release|Any CPU.Build.0 = Release|Any CPU
		{A4467B15-BFCB-4F9B-9A18-1D94350B5F82}.Release|x64.ActiveCfg = Release|Any CPU
		{A4467B15-BFCB-4F9B-9A18-1D94350B5F82}.Release|x64.Build.0 = Release|Any CPU
		{A4467B15-BFCB-4F9B-9A18-1D94350B5F82}.Release|x86.ActiveCfg = Release|Any CPU
		{A4467B15-BFCB-4F9B-9A18-1D94350B5F82}.Release|x86.Build.0 = Release|Any CPU
		{C977E950-54B0-4AB2-B219-71FBCC0D4B28}.Debug|Any CPU.ActiveCfg = Debug|Any CPU
		{C977E950-54B0-4AB2-B219-71FBCC0D4B28}.Debug|Any CPU.Build.0 = Debug|Any CPU
		{C977E950-54B0-4AB2-B219-71FBCC0D4B28}.Debug|x64.ActiveCfg = Debug|Any CPU
		{C977E950-54B0-4AB2-B219-71FBCC0D4B28}.Debug|x64.Build.0 = Debug|Any CPU
		{C977E950-54B0-4AB2-B219-71FBCC0D4B28}.Debug|x86.ActiveCfg = Debug|Any CPU
		{C977E950-54B0-4AB2-B219-71FBCC0D4B28}.Debug|x86.Build.0 = Debug|Any CPU
		{C977E950-54B0-4AB2-B219-71FBCC0D4B28}.Release|Any CPU.ActiveCfg = Release|Any CPU
		{C977E950-54B0-4AB2-B219-71FBCC0D4B28}.Release|Any CPU.Build.0 = Release|Any CPU
		{C977E950-54B0-4AB2-B219-71FBCC0D4B28}.Release|x64.ActiveCfg = Release|Any CPU
		{C977E950-54B0-4AB2-B219-71FBCC0D4B28}.Release|x64.Build.0 = Release|Any CPU
		{C977E950-54B0-4AB2-B219-71FBCC0D4B28}.Release|x86.ActiveCfg = Release|Any CPU
		{C977E950-54B0-4AB2-B219-71FBCC0D4B28}.Release|x86.Build.0 = Release|Any CPU
		{50427A29-7A63-494A-AB92-F6929036ACB7}.Debug|Any CPU.ActiveCfg = Debug|Any CPU
		{50427A29-7A63-494A-AB92-F6929036ACB7}.Debug|Any CPU.Build.0 = Debug|Any CPU
		{50427A29-7A63-494A-AB92-F6929036ACB7}.Debug|x64.ActiveCfg = Debug|Any CPU
		{50427A29-7A63-494A-AB92-F6929036ACB7}.Debug|x64.Build.0 = Debug|Any CPU
		{50427A29-7A63-494A-AB92-F6929036ACB7}.Debug|x86.ActiveCfg = Debug|Any CPU
		{50427A29-7A63-494A-AB92-F6929036ACB7}.Debug|x86.Build.0 = Debug|Any CPU
		{50427A29-7A63-494A-AB92-F6929036ACB7}.Release|Any CPU.ActiveCfg = Release|Any CPU
		{50427A29-7A63-494A-AB92-F6929036ACB7}.Release|Any CPU.Build.0 = Release|Any CPU
		{50427A29-7A63-494A-AB92-F6929036ACB7}.Release|x64.ActiveCfg = Release|Any CPU
		{50427A29-7A63-494A-AB92-F6929036ACB7}.Release|x64.Build.0 = Release|Any CPU
		{50427A29-7A63-494A-AB92-F6929036ACB7}.Release|x86.ActiveCfg = Release|Any CPU
		{50427A29-7A63-494A-AB92-F6929036ACB7}.Release|x86.Build.0 = Release|Any CPU
	EndGlobalSection
	GlobalSection(SolutionProperties) = preSolution
		HideSolutionNode = FALSE
	EndGlobalSection
	GlobalSection(ExtensibilityGlobals) = postSolution
		SolutionGuid = {6B8C55A6-B5B7-4311-A9F4-1FAC94B47246}
	EndGlobalSection
EndGlobal